
Microsoft Visual Studio Solution File, Format Version 12.00
# Visual Studio Version 16
VisualStudioVersion = 16.0.31702.278
MinimumVisualStudioVersion = 10.0.40219.1
Project("{FAE04EC0-301F-11D3-BF4B-00C04F79EFBC}") = "Baryshev6Listing61-70", "Baryshev6Listing61-70\Baryshev6Listing61-70.csproj", "{02504F5D-ABA5-4843-950D-25C080F93F4A}"
EndProject
Global
	GlobalSection(SolutionConfigurationPlatforms) = preSolution
		Debug|Any CPU = Debug|Any CPU
		Release|Any CPU = Release|Any CPU
	EndGlobalSection
	GlobalSection(ProjectConfigurationPlatforms) = postSolution
		{02504F5D-ABA5-4843-950D-25C080F93F4A}.Debug|Any CPU.ActiveCfg = Debug|Any CPU
		{02504F5D-ABA5-4843-950D-25C080F93F4A}.Debug|Any CPU.Build.0 = Debug|Any CPU
		{02504F5D-ABA5-4843-950D-25C080F93F4A}.Release|Any CPU.ActiveCfg = Release|Any CPU
		{02504F5D-ABA5-4843-950D-25C080F93F4A}.Release|Any CPU.Build.0 = Release|Any CPU
	EndGlobalSection
	GlobalSection(SolutionProperties) = preSolution
		HideSolutionNode = FALSE
	EndGlobalSection
	GlobalSection(ExtensibilityGlobals) = postSolution
		SolutionGuid = {8B676B98-FC7E-4143-BBA0-48ABA9AE08F3}
	EndGlobalSection
EndGlobal
